{
  "requires": true,
  "lockfileVersion": 1,
  "dependencies": {
    "com.red_folder.phonegap.plugin.backgroundservice": {
      "version": "2.0.0",
      "resolved": "https://registry.npmjs.org/com.red_folder.phonegap.plugin.backgroundservice/-/com.red_folder.phonegap.plugin.backgroundservice-2.0.0.tgz",
      "integrity": "sha1-tXqGyQJCwLYrgwvyUKDsRHmMty4="
    }
  }
}
