{
  "requires": true,
  "lockfileVersion": 1,
  "dependencies": {
    "cordova-plugin-autostart": {
      "version": "2.3.0",
      "resolved": "https://registry.npmjs.org/cordova-plugin-autostart/-/cordova-plugin-autostart-2.3.0.tgz",
      "integrity": "sha1-nCL7aU57T9e0B8ZVtVQlBLCXv5w="
    }
  }
}
