{
  "requires": true,
  "lockfileVersion": 1,
  "dependencies": {
    "cordova-android-play-services-gradle-release": {
      "version": "3.0.0",
      "resolved": "https://registry.npmjs.org/cordova-android-play-services-gradle-release/-/cordova-android-play-services-gradle-release-3.0.0.tgz",
      "integrity": "sha512-LO5NwOOdxosRJpADGgYHLWHkOg1mpVRNRorQGEK0usx4pODe4j1SGCu0hVyaiw51zYtDlh7qVa45rdS+6dJ5Sg==",
      "requires": {
        "q": "^1.4.1",
        "semver": "5.6.0"
      }
    },
    "cordova-plugin-firebase": {
      "version": "0.1.20",
      "resolved": "https://registry.npmjs.org/cordova-plugin-firebase/-/cordova-plugin-firebase-0.1.20.tgz",
      "integrity": "sha1-v3xZ2jej7NvIcmf9gGjEIcWWzkQ="
    },
    "cordova-plugin-geolocation": {
      "version": "file:plugins/cordova-plugin-geolocation"
    },
    "q": {
      "version": "1.5.1",
      "resolved": "https://registry.npmjs.org/q/-/q-1.5.1.tgz",
      "integrity": "sha1-fjL3W0E4EpHQRhHxvxQQmsAGUdc="
    },
    "semver": {
      "version": "5.6.0",
      "resolved": "https://registry.npmjs.org/semver/-/semver-5.6.0.tgz",
      "integrity": "sha512-RS9R6R35NYgQn++fkDWaOmqGoj4Ek9gGs+DPxNUZKuwE183xjJroKvyo1IzVFeXvUrvmALy6FWD5xrdJT25gMg=="
    }
  }
}
